
Microsoft Visual Studio Solution File, Format Version 12.00
# Visual Studio 15
VisualStudioVersion = 15.0.28307.1169
MinimumVisualStudioVersion = 10.0.40219.1
Project("{FAE04EC0-301F-11D3-BF4B-00C04F79EFBC}") = "SMS.UI.MVC", "SMS.UI.MVC\SMS.UI.MVC.csproj", "{C5B07A4B-EF5F-468F-A54B-1C1F947BC0C4}"
EndProject
Project("{FAE04EC0-301F-11D3-BF4B-00C04F79EFBC}") = "SMS.DATA.EF", "SMS.DATA.EF\SMS.DATA.EF.csproj", "{7C7C171E-17D8-47DF-B48C-76C415313AC5}"
EndProject
Global
	GlobalSection(SolutionConfigurationPlatforms) = preSolution
		Debug|Any CPU = Debug|Any CPU
		Release|Any CPU = Release|Any CPU
	EndGlobalSection
	GlobalSection(ProjectConfigurationPlatforms) = postSolution
		{C5B07A4B-EF5F-468F-A54B-1C1F947BC0C4}.Debug|Any CPU.ActiveCfg = Debug|Any CPU
		{C5B07A4B-EF5F-468F-A54B-1C1F947BC0C4}.Debug|Any CPU.Build.0 = Debug|Any CPU
		{C5B07A4B-EF5F-468F-A54B-1C1F947BC0C4}.Release|Any CPU.ActiveCfg = Release|Any CPU
		{C5B07A4B-EF5F-468F-A54B-1C1F947BC0C4}.Release|Any CPU.Build.0 = Release|Any CPU
		{7C7C171E-17D8-47DF-B48C-76C415313AC5}.Debug|Any CPU.ActiveCfg = Debug|Any CPU
		{7C7C171E-17D8-47DF-B48C-76C415313AC5}.Debug|Any CPU.Build.0 = Debug|Any CPU
		{7C7C171E-17D8-47DF-B48C-76C415313AC5}.Release|Any CPU.ActiveCfg = Release|Any CPU
		{7C7C171E-17D8-47DF-B48C-76C415313AC5}.Release|Any CPU.Build.0 = Release|Any CPU
	EndGlobalSection
	GlobalSection(SolutionProperties) = preSolution
		HideSolutionNode = FALSE
	EndGlobalSection
	GlobalSection(ExtensibilityGlobals) = postSolution
		SolutionGuid = {C0C43441-3987-46AE-B200-133C5C55FFC8}
	EndGlobalSection
EndGlobal
